// !$*UTF8*$!
{
	archiveVersion = 1;
	classes = {
	};
	objectVersion = 50;
	objects = {

/* Begin PBXBuildFile section */
		4B1BD6C426B135A2004C8DA5 /* AppDelegate.swift in Sources */ = {isa = PBXBuildFile; fileRef = 4B1BD6C326B135A2004C8DA5 /* AppDelegate.swift */; };
		4B1BD6C626B135A2004C8DA5 /* SceneDelegate.swift in Sources */ = {isa = PBXBuildFile; fileRef = 4B1BD6C526B135A2004C8DA5 /* SceneDelegate.swift */; };
		4B1BD6C826B135A2004C8DA5 /* CalculateViewController.swift in Sources */ = {isa = PBXBuildFile; fileRef = 4B1BD6C726B135A2004C8DA5 /* CalculateViewController.swift */; };
		4B1BD6CB26B135A2004C8DA5 /* Main.storyboard in Resources */ = {isa = PBXBuildFile; fileRef = 4B1BD6C926B135A2004C8DA5 /* Main.storyboard */; };
		4B1BD6CD26B135A6004C8DA5 /* Assets.xcassets in Resources */ = {isa = PBXBuildFile; fileRef = 4B1BD6CC26B135A6004C8DA5 /* Assets.xcassets */; };
		4B1BD6D026B135A6004C8DA5 /* LaunchScreen.storyboard in Resources */ = {isa = PBXBuildFile; fileRef = 4B1BD6CE26B135A6004C8DA5 /* LaunchScreen.storyboard */; };
		4B6D9EDD26B7CC4100441182 /* ResultViewController.swift in Sources */ = {isa = PBXBuildFile; fileRef = 4B6D9EDC26B7CC4100441182 /* ResultViewController.swift */; };
		4B6D9EE026B7D28B00441182 /* Brain.swift in Sources */ = {isa = PBXBuildFile; fileRef = 4B6D9EDF26B7D28B00441182 /* Brain.swift */; };
/* End PBXBuildFile section */

/* Begin PBXFileReference section */
		4B1BD6C026B135A2004C8DA5 /* Stress Calculator.app */ = {isa = PBXFileReference; explicitFileType = wrapper.application; includeInIndex = 0; path = "Stress Calculator.app"; sourceTree = BUILT_PRODUCTS_DIR; };
		4B1BD6C326B135A2004C8DA5 /* AppDelegate.swift */ = {isa = PBXFileReference; lastKnownFileType = sourcecode.swift; path = AppDelegate.swift; sourceTree = "<group>"; };
		4B1BD6C526B135A2004C8DA5 /* SceneDelegate.swift */ = {isa = PBXFileReference; lastKnownFileType = sourcecode.swift; path = SceneDelegate.swift; sourceTree = "<group>"; };
		4B1BD6C726B135A2004C8DA5 /* CalculateViewController.swift */ = {isa = PBXFileReference; lastKnownFileType = sourcecode.swift; path = CalculateViewController.swift; sourceTree = "<group>"; };
		4B1BD6CA26B135A2004C8DA5 /* Base */ = {isa = PBXFileReference; lastKnownFileType = file.storyboard; name = Base; path = Base.lproj/Main.storyboard; sourceTree = "<group>"; };
		4B1BD6CC26B135A6004C8DA5 /* Assets.xcassets */ = {isa = PBXFileReference; lastKnownFileType = folder.assetcatalog; path = Assets.xcassets; sourceTree = "<group>"; };
		4B1BD6CF26B135A6004C8DA5 /* Base */ = {isa = PBXFileReference; lastKnownFileType = file.storyboard; name = Base; path = Base.lproj/LaunchScreen.storyboard; sourceTree = "<group>"; };
		4B1BD6D126B135A6004C8DA5 /* Info.plist */ = {isa = PBXFileReference; lastKnownFileType = text.plist.xml; path = Info.plist; sourceTree = "<group>"; };
		4B6D9EDC26B7CC4100441182 /* ResultViewController.swift */ = {isa = PBXFileReference; lastKnownFileType = sourcecode.swift; path = ResultViewController.swift; sourceTree = "<group>"; };
		4B6D9EDF26B7D28B00441182 /* Brain.swift */ = {isa = PBXFileReference; lastKnownFileType = sourcecode.swift; path = Brain.swift; sourceTree = "<group>"; };
/* End PBXFileReference section */

/* Begin PBXFrameworksBuildPhase section */
		4B1BD6BD26B135A2004C8DA5 /* Frameworks */ = {
			isa = PBXFrameworksBuildPhase;
			buildActionMask = 2147483647;
			files = (
			);
			runOnlyForDeploymentPostprocessing = 0;
		};
/* End PBXFrameworksBuildPhase section */

/* Begin PBXGroup section */
		4B1BD6B726B135A2004C8DA5 = {
			isa = PBXGroup;
			children = (
				4B1BD6C226B135A2004C8DA5 /* Stress Calculator */,
				4B1BD6C126B135A2004C8DA5 /* Products */,
			);
			sourceTree = "<group>";
		};
		4B1BD6C126B135A2004C8DA5 /* Products */ = {
			isa = PBXGroup;
			children = (
				4B1BD6C026B135A2004C8DA5 /* Stress Calculator.app */,
			);
			name = Products;
			sourceTree = "<group>";
		};
		4B1BD6C226B135A2004C8DA5 /* Stress Calculator */ = {
			isa = PBXGroup;
			children = (
				4B1BD6C326B135A2004C8DA5 /* AppDelegate.swift */,
				4B1BD6C526B135A2004C8DA5 /* SceneDelegate.swift */,
				4B6D9EDE26B7D27200441182 /* Models */,
				4B6D9ED826B7BA8C00441182 /* Views */,
				4B6D9ED926B7BAA600441182 /* Controllers */,
				4B1BD6CC26B135A6004C8DA5 /* Assets.xcassets */,
				4B1BD6CE26B135A6004C8DA5 /* LaunchScreen.storyboard */,
				4B1BD6D126B135A6004C8DA5 /* Info.plist */,
			);
			path = "Stress Calculator";
			sourceTree = "<group>";
		};
		4B6D9ED826B7BA8C00441182 /* Views */ = {
			isa = PBXGroup;
			children = (
				4B1BD6C926B135A2004C8DA5 /* Main.storyboard */,
			);
			path = Views;
			sourceTree = "<group>";
		};
		4B6D9ED926B7BAA600441182 /* Controllers */ = {
			isa = PBXGroup;
			children = (
				4B1BD6C726B135A2004C8DA5 /* CalculateViewController.swift */,
				4B6D9EDC26B7CC4100441182 /* ResultViewController.swift */,
			);
			path = Controllers;
			sourceTree = "<group>";
		};
		4B6D9EDE26B7D27200441182 /* Models */ = {
			isa = PBXGroup;
			children = (
				4B6D9EDF26B7D28B00441182 /* Brain.swift */,
			);
			path = Models;
			sourceTree = "<group>";
		};
/* End PBXGroup section */

/* Begin PBXNativeTarget section */
		4B1BD6BF26B135A2004C8DA5 /* Stress Calculator */ = {
			isa = PBXNativeTarget;
			buildConfigurationList = 4B1BD6D426B135A6004C8DA5 /* Build configuration list for PBXNativeTarget "Stress Calculator" */;
			buildPhases = (
				4B1BD6BC26B135A2004C8DA5 /* Sources */,
				4B1BD6BD26B135A2004C8DA5 /* Frameworks */,
				4B1BD6BE26B135A2004C8DA5 /* Resources */,
			);
			buildRules = (
			);
			dependencies = (
			);
			name = "Stress Calculator";
			productName = "Stress Calculator";
			productReference = 4B1BD6C026B135A2004C8DA5 /* Stress Calculator.app */;
			productType = "com.apple.product-type.application";
		};
/* End PBXNativeTarget section */

/* Begin PBXProject section */
		4B1BD6B826B135A2004C8DA5 /* Project object */ = {
			isa = PBXProject;
			attributes = {
				LastSwiftUpdateCheck = 1250;
				LastUpgradeCheck = 1250;
				TargetAttributes = {
					4B1BD6BF26B135A2004C8DA5 = {
						CreatedOnToolsVersion = 12.5.1;
					};
				};
			};
			buildConfigurationList = 4B1BD6BB26B135A2004C8DA5 /* Build configuration list for PBXProject "Stress Calculator" */;
			compatibilityVersion = "Xcode 9.3";
			developmentRegion = en;
			hasScannedForEncodings = 0;
			knownRegions = (
				en,
				Base,
			);
			mainGroup = 4B1BD6B726B135A2004C8DA5;
			productRefGroup = 4B1BD6C126B135A2004C8DA5 /* Products */;
			projectDirPath = "";
			projectRoot = "";
			targets = (
				4B1BD6BF26B135A2004C8DA5 /* Stress Calculator */,
			);
		};
/* End PBXProject section */

/* Begin PBXResourcesBuildPhase section */
		4B1BD6BE26B135A2004C8DA5 /* Resources */ = {
			isa = PBXResourcesBuildPhase;
			buildActionMask = 2147483647;
			files = (
				4B1BD6D026B135A6004C8DA5 /* LaunchScreen.storyboard in Resources */,
				4B1BD6CD26B135A6004C8DA5 /* Assets.xcassets in Resources */,
				4B1BD6CB26B135A2004C8DA5 /* Main.storyboard in Resources */,
			);
			runOnlyForDeploymentPostprocessing = 0;
		};
/* End PBXResourcesBuildPhase section */

/* Begin PBXSourcesBuildPhase section */
		4B1BD6BC26B135A2004C8DA5 /* Sources */ = {
			isa = PBXSourcesBuildPhase;
			buildActionMask = 2147483647;
			files = (
				4B6D9EDD26B7CC4100441182 /* ResultViewController.swift in Sources */,
				4B1BD6C826B135A2004C8DA5 /* CalculateViewController.swift in Sources */,
				4B1BD6C426B135A2004C8DA5 /* AppDelegate.swift in Sources */,
				4B6D9EE026B7D28B00441182 /* Brain.swift in Sources */,
				4B1BD6C626B135A2004C8DA5 /* SceneDelegate.swift in Sources */,
			);
			runOnlyForDeploymentPostprocessing = 0;
		};
/* End PBXSourcesBuildPhase section */

/* Begin PBXVariantGroup section */
		4B1BD6C926B135A2004C8DA5 /* Main.storyboard */ = {
			isa = PBXVariantGroup;
			children = (
				4B1BD6CA26B135A2004C8DA5 /* Base */,
			);
			name = Main.storyboard;
			sourceTree = "<group>";
		};
		4B1BD6CE26B135A6004C8DA5 /* LaunchScreen.storyboard */ = {
			isa = PBXVariantGroup;
			children = (
				4B1BD6CF26B135A6004C8DA5 /* Base */,
			);
			name = LaunchScreen.storyboard;
			sourceTree = "<group>";
		};
/* End PBXVariantGroup section */

/* Begin XCBuildConfiguration section */
		4B1BD6D226B135A6004C8DA5 /* Debug */ = {
			isa = XCBuildConfiguration;
			buildSettings = {
				ALWAYS_SEARCH_USER_PATHS = NO;
				CLANG_ANALYZER_NONNULL = YES;
				CLANG_ANALYZER_NUMBER_OBJECT_CONVERSION = YES_AGGRESSIVE;
				CLANG_CXX_LANGUAGE_STANDARD = "gnu++14";
				CLANG_CXX_LIBRARY = "libc++";
				CLANG_ENABLE_MODULES = YES;
				CLANG_ENABLE_OBJC_ARC = YES;
				CLANG_ENABLE_OBJC_WEAK = YES;
				CLANG_WARN_BLOCK_CAPTURE_AUTORELEASING = YES;
				CLANG_WARN_BOOL_CONVERSION = YES;
				CLANG_WARN_COMMA = YES;
				CLANG_WARN_CONSTANT_CONVERSION = YES;
				CLANG_WARN_DEPRECATED_OBJC_IMPLEMENTATIONS = YES;
				CLANG_WARN_DIRECT_OBJC_ISA_USAGE = YES_ERROR;
				CLANG_WARN_DOCUMENTATION_COMMENTS = YES;
				CLANG_WARN_EMPTY_BODY = YES;
				CLANG_WARN_ENUM_CONVERSION = YES;
				CLANG_WARN_INFINITE_RECURSION = YES;
				CLANG_WARN_INT_CONVERSION = YES;
				CLANG_WARN_NON_LITERAL_NULL_CONVERSION = YES;
				CLANG_WARN_OBJC_IMPLICIT_RETAIN_SELF = YES;
				CLANG_WARN_OBJC_LITERAL_CONVERSION = YES;
				CLANG_WARN_OBJC_ROOT_CLASS = YES_ERROR;
				CLANG_WARN_QUOTED_INCLUDE_IN_FRAMEWORK_HEADER = YES;
				CLANG_WARN_RANGE_LOOP_ANALYSIS = YES;
				CLANG_WARN_STRICT_PROTOTYPES = YES;
				CLANG_WARN_SUSPICIOUS_MOVE = YES;
				CLANG_WARN_UNGUARDED_AVAILABILITY = YES_AGGRESSIVE;
				CLANG_WARN_UNREACHABLE_CODE = YES;
				CLANG_WARN__DUPLICATE_METHOD_MATCH = YES;
				COPY_PHASE_STRIP = NO;
				DEBUG_INFORMATION_FORMAT = dwarf;
				ENABLE_STRICT_OBJC_MSGSEND = YES;
				ENABLE_TESTABILITY = YES;
				GCC_C_LANGUAGE_STANDARD = gnu11;
				GCC_DYNAMIC_NO_PIC = NO;
				GCC_NO_COMMON_BLOCKS = YES;
				GCC_OPTIMIZATION_LEVEL = 0;
				GCC_PREPROCESSOR_DEFINITIONS = (
					"DEBUG=1",
					"$(inherited)",
				);
				GCC_WARN_64_TO_32_BIT_CONVERSION = YES;
				GCC_WARN_ABOUT_RETURN_TYPE = YES_ERROR;
				GCC_WARN_UNDECLARED_SELECTOR = YES;
				GCC_WARN_UNINITIALIZED_AUTOS = YES_AGGRESSIVE;
				GCC_WARN_UNUSED_FUNCTION = YES;
				GCC_WARN_UNUSED_VARIABLE = YES;
				IPHONEOS_DEPLOYMENT_TARGET = 14.5;
				MTL_ENABLE_DEBUG_INFO = INCLUDE_SOURCE;
				MTL_FAST_MATH = YES;
				ONLY_ACTIVE_ARCH = YES;
				SDKROOT = iphoneos;
				SWIFT_ACTIVE_COMPILATION_CONDITIONS = DEBUG;
				SWIFT_OPTIMIZATION_LEVEL = "-Onone";
			};
			name = Debug;
		};
		4B1BD6D326B135A6004C8DA5 /* Release */ = {
			isa = XCBuildConfiguration;
			buildSettings = {
				ALWAYS_SEARCH_USER_PATHS = NO;
				CLANG_ANALYZER_NONNULL = YES;
				CLANG_ANALYZER_NUMBER_OBJECT_CONVERSION = YES_AGGRESSIVE;
				CLANG_CXX_LANGUAGE_STANDARD = "gnu++14";
				CLANG_CXX_LIBRARY = "libc++";
				CLANG_ENABLE_MODULES = YES;
				CLANG_ENABLE_OBJC_ARC = YES;
				CLANG_ENABLE_OBJC_WEAK = YES;
				CLANG_WARN_BLOCK_CAPTURE_AUTORELEASING = YES;
				CLANG_WARN_BOOL_CONVERSION = YES;
				CLANG_WARN_COMMA = YES;
				CLANG_WARN_CONSTANT_CONVERSION = YES;
				CLANG_WARN_DEPRECATED_OBJC_IMPLEMENTATIONS = YES;
				CLANG_WARN_DIRECT_OBJC_ISA_USAGE = YES_ERROR;
				CLANG_WARN_DOCUMENTATION_COMMENTS = YES;
				CLANG_WARN_EMPTY_BODY = YES;
				CLANG_WARN_ENUM_CONVERSION = YES;
				CLANG_WARN_INFINITE_RECURSION = YES;
				CLANG_WARN_INT_CONVERSION = YES;
				CLANG_WARN_NON_LITERAL_NULL_CONVERSION = YES;
				CLANG_WARN_OBJC_IMPLICIT_RETAIN_SELF = YES;
				CLANG_WARN_OBJC_LITERAL_CONVERSION = YES;
				CLANG_WARN_OBJC_ROOT_CLASS = YES_ERROR;
				CLANG_WARN_QUOTED_INCLUDE_IN_FRAMEWORK_HEADER = YES;
				CLANG_WARN_RANGE_LOOP_ANALYSIS = YES;
				CLANG_WARN_STRICT_PROTOTYPES = YES;
				CLANG_WARN_SUSPICIOUS_MOVE = YES;
				CLANG_WARN_UNGUARDED_AVAILABILITY = YES_AGGRESSIVE;
				CLANG_WARN_UNREACHABLE_CODE = YES;
				CLANG_WARN__DUPLICATE_METHOD_MATCH = YES;
				COPY_PHASE_STRIP = NO;
				DEBUG_INFORMATION_FORMAT = "dwarf-with-dsym";
				ENABLE_NS_ASSERTIONS = NO;
				ENABLE_STRICT_OBJC_MSGSEND = YES;
				GCC_C_LANGUAGE_STANDARD = gnu11;
				GCC_NO_COMMON_BLOCKS = YES;
				GCC_WARN_64_TO_32_BIT_CONVERSION = YES;
				GCC_WARN_ABOUT_RETURN_TYPE = YES_ERROR;
				GCC_WARN_UNDECLARED_SELECTOR = YES;
				GCC_WARN_UNINITIALIZED_AUTOS = YES_AGGRESSIVE;
				GCC_WARN_UNUSED_FUNCTION = YES;
				GCC_WARN_UNUSED_VARIABLE = YES;
				IPHONEOS_DEPLOYMENT_TARGET = 14.5;
				MTL_ENABLE_DEBUG_INFO = NO;
				MTL_FAST_MATH = YES;
				SDKROOT = iphoneos;
				SWIFT_COMPILATION_MODE = wholemodule;
				SWIFT_OPTIMIZATION_LEVEL = "-O";
				VALIDATE_PRODUCT = YES;
			};
			name = Release;
		};
		4B1BD6D526B135A6004C8DA5 /* Debug */ = {
			isa = XCBuildConfiguration;
			buildSettings = {
				ASSETCATALOG_COMPILER_APPICON_NAME = AppIcon;
				ASSETCATALOG_COMPILER_GLOBAL_ACCENT_COLOR_NAME = AccentColor;
				CODE_SIGN_STYLE = Automatic;
				DEVELOPMENT_TEAM = 8W3CP283X5;
				INFOPLIST_FILE = "Stress Calculator/Info.plist";
				LD_RUNPATH_SEARCH_PATHS = (
					"$(inherited)",
					"@executable_path/Frameworks",
				);
				PRODUCT_BUNDLE_IDENTIFIER = "com.rohan.Stress-Calculator";
				PRODUCT_NAME = "$(TARGET_NAME)";
				SWIFT_VERSION = 5.0;
				TARGETED_DEVICE_FAMILY = "1,2";
			};
			name = Debug;
		};
		4B1BD6D626B135A6004C8DA5 /* Release */ = {
			isa = XCBuildConfiguration;
			buildSettings = {
				ASSETCATALOG_COMPILER_APPICON_NAME = AppIcon;
				ASSETCATALOG_COMPILER_GLOBAL_ACCENT_COLOR_NAME = AccentColor;
				CODE_SIGN_STYLE = Automatic;
				DEVELOPMENT_TEAM = 8W3CP283X5;
				INFOPLIST_FILE = "Stress Calculator/Info.plist";
				LD_RUNPATH_SEARCH_PATHS = (
					"$(inherited)",
					"@executable_path/Frameworks",
				);
				PRODUCT_BUNDLE_IDENTIFIER = "com.rohan.Stress-Calculator";
				PRODUCT_NAME = "$(TARGET_NAME)";
				SWIFT_VERSION = 5.0;
				TARGETED_DEVICE_FAMILY = "1,2";
			};
			name = Release;
		};
/* End XCBuildConfiguration section */

/* Begin XCConfigurationList section */
		4B1BD6BB26B135A2004C8DA5 /* Build configuration list for PBXProject "Stress Calculator" */ = {
			isa = XCConfigurationList;
			buildConfigurations = (
				4B1BD6D226B135A6004C8DA5 /* Debug */,
				4B1BD6D326B135A6004C8DA5 /* Release */,
			);
			defaultConfigurationIsVisible = 0;
			defaultConfigurationName = Release;
		};
		4B1BD6D426B135A6004C8DA5 /* Build configuration list for PBXNativeTarget "Stress Calculator" */ = {
			isa = XCConfigurationList;
			buildConfigurations = (
				4B1BD6D526B135A6004C8DA5 /* Debug */,
				4B1BD6D626B135A6004C8DA5 /* Release */,
			);
			defaultConfigurationIsVisible = 0;
			defaultConfigurationName = Release;
		};
/* End XCConfigurationList section */
	};
	rootObject = 4B1BD6B826B135A2004C8DA5 /* Project object */;
}
